
Microsoft Visual Studio Solution File, Format Version 12.00
# Visual Studio Version 17
VisualStudioVersion = 17.12.35506.116 d17.12
MinimumVisualStudioVersion = 10.0.40219.1
Project("{FAE04EC0-301F-11D3-BF4B-00C04F79EFBC}") = "IfogElseOppgave3", "IfogElseOppgave3\IfogElseOppgave3.csproj", "{8D5B3D01-8B9B-4C4F-9356-1FDC881247DE}"
EndProject
Global
	GlobalSection(SolutionConfigurationPlatforms) = preSolution
		Debug|Any CPU = Debug|Any CPU
		Release|Any CPU = Release|Any CPU
	EndGlobalSection
	GlobalSection(ProjectConfigurationPlatforms) = postSolution
		{8D5B3D01-8B9B-4C4F-9356-1FDC881247DE}.Debug|Any CPU.ActiveCfg = Debug|Any CPU
		{8D5B3D01-8B9B-4C4F-9356-1FDC881247DE}.Debug|Any CPU.Build.0 = Debug|Any CPU
		{8D5B3D01-8B9B-4C4F-9356-1FDC881247DE}.Release|Any CPU.ActiveCfg = Release|Any CPU
		{8D5B3D01-8B9B-4C4F-9356-1FDC881247DE}.Release|Any CPU.Build.0 = Release|Any CPU
	EndGlobalSection
	GlobalSection(SolutionProperties) = preSolution
		HideSolutionNode = FALSE
	EndGlobalSection
EndGlobal
